github.com/AllenDang/cimgui-go v1.3.2-0.20250409185506-6b2ff1aa26b5 h1:IulPfLSfrjCzSr7TOn7777rl5qRMu39gEOxSTDm2wes=
github.com/AllenDang/cimgui-go v1.3.2-0.20250409185506-6b2ff1aa26b5/go.mod h1:Fg1LjMFQs91yohW3SccUhqUeuNQEeL5KX3mgEjnDh7A=
github.com/AllenDang/giu v0.14.1 h1:SqMt2peaqb3wWPkZ7m+dnJX4LddZNDduYz5jpo+LOxQ=
github.com/AllenDang/giu v0.14.1/go.mod h1:gD5hmav1LbkjL2/1O3Mpohl2Lb/uqrrOKSeZFeqQjD0=
github.com/AllenDang/go-findfont v0.0.0-20200702051237-9f180485aeb8 h1:dKZMqib/yUDoCFigmz2agG8geZ/e3iRq304/KJXqKyw=
github.com/AllenDang/go-findfont v0.0.0-20200702051237-9f180485aeb8/go.mod h1:b4uuDd0s6KRIPa84cEEchdQ9ICh7K0OryZHbSzMca9k=
github.com/davecgh/go-spew v1.1.1 h1:vj9j/u1bqnvCEfJOwUhtlOARqs3+rkHYY13jYWTU97c=
github.com/davecgh/go-spew v1.1.1/go.mod h1:J7Y8YcW2NihsgmVo/mv3lAwl/skON4iLHjSsI+c5H38=
github.com/ebitengine/debugui v0.2.0 h1:FPAgRRzB8QqsyRnMVlzyiVcZTg5l69BMpHlnHktdQg8=
github.com/ebitengine/debugui v0.2.0/go.mod h1:I9KvQiFgUVO+a3GntY7k+t6QZBESqwKcoegEbYuddw4=
github.com/ebitengine/gomobile v0.0.0-20240911145611-4856209ac325 h1:Gk1XUEttOk0/hb6Tq3WkmutWa0ZLhNn/6fc6XZpM7tM=
github.com/ebitengine/gomobile v0.0.0-20240911145611-4856209ac325/go.mod h1:ulhSQcbPioQrallSuIzF8l1NKQoD7xmMZc5NxzibUMY=
github.com/ebitengine/hideconsole v1.0.0 h1:5J4U0kXF+pv/DhiXt5/lTz0eO5ogJ1iXb8Yj1yReDqE=
github.com/ebitengine/hideconsole v1.0.0/go.mod h1:hTTBTvVYWKBuxPr7peweneWdkUwEuHuB3C1R/ielR1A=
github.com/ebitengine/purego v0.8.0 h1:JbqvnEzRvPpxhCJzJJ2y0RbiZ8nyjccVUrSM3q+GvvE=
github.com/ebitengine/purego v0.8.0/go.mod h1:iIjxzd6CiRiOG0UyXP+V1+jWqUXVjPKLAI0mRfJZTmQ=
github.com/faiface/mainthread v0.0.0-20171120011319-8b78f0a41ae3 h1:baVdMKlASEHrj19iqjARrPbaRisD7EuZEVJj6ZMLl1Q=
github.com/faiface/mainthread v0.0.0-20171120011319-8b78f0a41ae3/go.mod h1:VEPNJUlxl5KdWjDvz6Q1l+rJlxF2i6xqDeGuGAxa87M=
github.com/go-text/typesetting v0.2.1 h1:x0jMOGyO3d1qFAPI0j4GSsh7M0Q3Ypjzr4+CEVg82V8=
github.com/go-text/typesetting v0.2.1/go.mod h1:mTOxEwasOFpAMBjEQDhdWRckoLLeI/+qrQeBCTGEt6M=
github.com/go-text/typesetting-utils v0.0.0-20241103174707-87a29e9e6066 h1:qCuYC+94v2xrb1PoS4NIDe7DGYtLnU2wWiQe9a1B1c0=
github.com/go-text/typesetting-utils v0.0.0-20241103174707-87a29e9e6066/go.mod h1:DDxDdQEnB70R8owOx3LVpEFvpMK9eeH1o2r0yZhFI9o=
github.com/gucio321/glm-go v0.0.0-20241029220517-e1b5a3e011c8 h1:aczNwZRrReVWrZcqxvDjDmxP1NFISTAu+1Cp+3OCbUg=
github.com/gucio321/glm-go v0.0.0-20241029220517-e1b5a3e011c8/go.mod h1:Z3+NtD1rjXUVZg97dojhs70i5oneOrZ1xcFKfF/c2Ts=
github.com/hajimehoshi/bitmapfont/v3 v3.2.0 h1:0DISQM/rseKIJhdF29AkhvdzIULqNIIlXAGWit4ez1Q=
github.com/hajimehoshi/bitmapfont/v3 v3.2.0/go.mod h1:8gLqGatKVu0pwcNCJguW3Igg9WQqVXF0zg/RvrGQWyg=
github.com/hajimehoshi/bitmapfont/v4 v4.1.0 h1:eE3qa5Do4qhowZVIHjsrX5pYyyPN6sAFWMsO7QREm3U=
github.com/hajimehoshi/bitmapfont/v4 v4.1.0/go.mod h1:/PD+aLjAJ0F2UoQx6hkOfXqWN7BkroDUMr5W+IT1dpE=
github.com/hajimehoshi/ebiten/v2 v2.8.8 h1:xyMxOAn52T1tQ+j3vdieZ7auDBOXmvjUprSrxaIbsi8=
github.com/hajimehoshi/ebiten/v2 v2.8.8/go.mod h1:durJ05+OYnio9b8q0sEtOgaNeBEQG7Yr7lRviAciYbs=
github.com/jezek/xgb v1.1.1 h1:bE/r8ZZtSv7l9gk6nU0mYx51aXrvnyb44892TwSaqS4=
github.com/jezek/xgb v1.1.1/go.mod h1:nrhwO0FX/enq75I7Y7G8iN1ubpSGZEiA3v9e9GyRFlk=
github.com/kylelemons/godebug v1.1.0 h1:RPNrshWIDI6G2gRW9EHilWtl7Z6Sb1BR0xunSBf0SNc=
github.com/kylelemons/godebug v1.1.0/go.mod h1:9/0rRGxNHcop5bhtWyNeEfOS8JIWk580+fNqagV/RAw=
github.com/mazznoer/csscolorparser v0.1.6 h1:uK6p5zBA8HaQZJSInHgHVmkVBodUAy+6snSmKJG7pqA=
github.com/mazznoer/csscolorparser v0.1.6/go.mod h1:OQRVvgCyHDCAquR1YWfSwwaDcM0LhnSffGnlbOew/3I=
github.com/napsy/go-css v1.0.0 h1:I1EiqpOJqo8eshGhm6OQXefXOfNgnp1SLOVfqcTeY2U=
github.com/napsy/go-css v1.0.0/go.mod h1:HqZYcKcNnv50fgOTdGUn9YbJa2qC9oJ3kLnyrwwVzUI=
github.com/pierrec/lz4/v4 v4.1.22 h1:cKFw6uJDK+/gfw5BcDL0JL5aBsAFdsIT18eRtLj7VIU=
github.com/pierrec/lz4/v4 v4.1.22/go.mod h1:gZWDp/Ze/IJXGXf23ltt2EXimqmTUXEy0GFuRQyBid4=
github.com/pkg/browser v0.0.0-20240102092130-5ac0b6a4141c h1:+mdjkGKdHQG3305AYmdv1U2eRNDiU2ErMBj1gwrq8eQ=
github.com/pkg/browser v0.0.0-20240102092130-5ac0b6a4141c/go.mod h1:7rwL4CYBLnjLxUqIJNnCWiEdr3bn6IUYi15bNlnbCCU=
github.com/pmezard/go-difflib v1.0.0 h1:4DBwDE0NGyQoBHbLQYPwSUPoCMWR5BEzIk/f1lZbAQM=
github.com/pmezard/go-difflib v1.0.0/go.mod h1:iKH77koFhYxTK1pcRnkKkqfTogsbg7gZNVY4sRDYZ/4=
github.com/rivo/uniseg v0.4.7 h1:WUdvkW8uEhrYfLC4ZzdpI2ztxP1I582+49Oc5Mq64VQ=
github.com/rivo/uniseg v0.4.7/go.mod h1:FN3SvrM+Zdj16jyLfmOkMNblXMcoc8DfTHruCPUcx88=
github.com/sahilm/fuzzy v0.1.1 h1:ceu5RHF8DGgoi+/dR5PsECjCDH1BE3Fnmpo7aVXOdRA=
github.com/sahilm/fuzzy v0.1.1/go.mod h1:VFvziUEIMCrT6A6tw2RFIXPXXmzXbOsSHF0DOI8ZK9Y=
github.com/stretchr/testify v1.10.0 h1:Xv5erBjTwe/5IxqUQTdXv5kgmIvbHo3QQyRwhJsOfJA=
github.com/stretchr/testify v1.10.0/go.mod h1:r2ic/lqez/lEtzL7wO/rwa5dbSLXVDPFyf8C91i36aY=
golang.design/x/hotkey v0.4.1 h1:zLP/2Pztl4WjyxURdW84GoZ5LUrr6hr69CzJFJ5U1go=
golang.design/x/hotkey v0.4.1/go.mod h1:M8SGcwFYHnKRa83FpTFQoZvPO5vVT+kWPztFqTQKmXA=
golang.design/x/mainthread v0.3.0 h1:UwFus0lcPodNpMOGoQMe87jSFwbSsEY//CA7yVmu4j8=
golang.design/x/mainthread v0.3.0/go.mod h1:vYX7cF2b3pTJMGM/hc13NmN6kblKnf4/IyvHeu259L0=
golang.org/x/image v0.29.0 h1:HcdsyR4Gsuys/Axh0rDEmlBmB68rW1U9BUdB3UVHsas=
golang.org/x/image v0.29.0/go.mod h1:RVJROnf3SLK8d26OW91j4FrIHGbsJ8QnbEocVTOWQDA=
golang.org/x/sync v0.17.0 h1:l60nONMj9l5drqw6jlhIELNv9I0A4OFgRsG9k2oT9Ug=
golang.org/x/sync v0.17.0/go.mod h1:9KTHXmSnoGruLpwFjVSX0lNNA75CykiMECbovNTZqGI=
golang.org/x/sys v0.0.0-20201022201747-fb209a7c41cd/go.mod h1:h1NjWce9XRLGQEsW7wpKNCjG9DtNlClVuFLEZdDNbEs=
golang.org/x/sys v0.1.0/go.mod h1:oPkhp1MJrh7nUepCBck5+mAzfO9JrbApNNgaTdGDITg=
golang.org/x/sys v0.36.0 h1:KVRy2GtZBrk1cBYA7MKu5bEZFxQk4NIDV6RLVcC8o0k=
golang.org/x/sys v0.36.0/go.mod h1:OgkHotnGiDImocRcuBABYBEXf8A9a87e/uXjp9XT3ks=
golang.org/x/text v0.27.0 h1:4fGWRpyh641NLlecmyl4LOe6yDdfaYNrGb2zdfo4JV4=
golang.org/x/text v0.27.0/go.mod h1:1D28KMCvyooCX9hBiosv5Tz/+YLxj0j7XhWjpSUF7CU=
gopkg.in/eapache/queue.v1 v1.1.0 h1:EldqoJEGtXYiVCMRo2C9mePO2UUGnYn2+qLmlQSqPdc=
gopkg.in/eapache/queue.v1 v1.1.0/go.mod h1:wNtmx1/O7kZSR9zNT1TTOJ7GLpm3Vn7srzlfylFbQwU=
gopkg.in/yaml.v3 v3.0.1 h1:fxVm/GzAzEWqLHuvctI91KS9hhNmmWOoWu0XTYJS7CA=
gopkg.in/yaml.v3 v3.0.1/go.mod h1:K4uyk7z7BCEPqu6E+C64Yfv1cQ7kz7rIZviUmN+EgEM=
